
Microsoft Visual Studio Solution File, Format Version 12.00
# Visual Studio 15
VisualStudioVersion = 15.0.28307.489
MinimumVisualStudioVersion = 10.0.40219.1
Project("{FAE04EC0-301F-11D3-BF4B-00C04F79EFBC}") = "UGetADog", "UGetADog\UGetADog.csproj", "{F2601773-F358-4EC8-85A5-66577136AF30}"
EndProject
Global
	GlobalSection(SolutionConfigurationPlatforms) = preSolution
		Debug|Any CPU = Debug|Any CPU
		Release|Any CPU = Release|Any CPU
	EndGlobalSection
	GlobalSection(ProjectConfigurationPlatforms) = postSolution
		{F2601773-F358-4EC8-85A5-66577136AF30}.Debug|Any CPU.ActiveCfg = Debug|Any CPU
		{F2601773-F358-4EC8-85A5-66577136AF30}.Debug|Any CPU.Build.0 = Debug|Any CPU
		{F2601773-F358-4EC8-85A5-66577136AF30}.Release|Any CPU.ActiveCfg = Release|Any CPU
		{F2601773-F358-4EC8-85A5-66577136AF30}.Release|Any CPU.Build.0 = Release|Any CPU
	EndGlobalSection
	GlobalSection(SolutionProperties) = preSolution
		HideSolutionNode = FALSE
	EndGlobalSection
	GlobalSection(ExtensibilityGlobals) = postSolution
		SolutionGuid = {192A036A-BACE-49B0-AA2A-A4D85BBB1C52}
	EndGlobalSection
EndGlobal
